PODS:
  - AFNetworking (2.6.3):
    - AFNetworking/NSURLConnection (= 2.6.3)
    - AFNetworking/NSURLSession (= 2.6.3)
    - AFNetworking/Reachability (= 2.6.3)
    - AFNetworking/Security (= 2.6.3)
    - AFNetworking/Serialization (= 2.6.3)
    - AFNetworking/UIKit (= 2.6.3)
  - AFNetworking/NSURLConnection (2.6.3):
    - AFNetworking/Reachability
    - AFNetworking/Security
    - AFNetworking/Serialization
  - AFNetworking/NSURLSession (2.6.3):
    - AFNetworking/Reachability
    - AFNetworking/Security
    - AFNetworking/Serialization
  - AFNetworking/Reachability (2.6.3)
  - AFNetworking/Security (2.6.3)
  - AFNetworking/Serialization (2.6.3)
  - AFNetworking/UIKit (2.6.3):
    - AFNetworking/NSURLConnection
    - AFNetworking/NSURLSession
  - JAFontAwesome (4.3.2)
  - ReactiveCocoa (2.5):
    - ReactiveCocoa/UI (= 2.5)
  - ReactiveCocoa/Core (2.5):
    - ReactiveCocoa/no-arc
  - ReactiveCocoa/no-arc (2.5)
  - ReactiveCocoa/UI (2.5):
    - ReactiveCocoa/Core
  - Realm (0.103.2):
    - Realm/Headers (= 0.103.2)
  - Realm+JSON (0.2.14):
    - Realm (~> 0.95)
  - Realm/Headers (0.103.2)
  - SDWebImage (3.8.2):
    - SDWebImage/Core (= 3.8.2)
  - SDWebImage/Core (3.8.2)
  - SVPullToRefresh (0.4.1)

DEPENDENCIES:
  - AFNetworking (~> 2.0)
  - JAFontAwesome
  - ReactiveCocoa (~> 2.5)
  - Realm
  - Realm+JSON
  - SDWebImage
  - SVPullToRefresh

SPEC CHECKSUMS:
  AFNetworking: cb8d14a848e831097108418f5d49217339d4eb60
  JAFontAwesome: 0e624c389b30db8015eb6f670941c7d38d73c0d3
  ReactiveCocoa: e2db045570aa97c695e7aa97c2bcab222ae51f4a
  Realm: 448f0416079fe5b0ed947e7d86f3c4e1c75826cb
  Realm+JSON: 39bef066156e589b209a14e5f2d68754793f8843
  SDWebImage: 098e97e6176540799c27e804c96653ee0833d13c
  SVPullToRefresh: ba2e718695a43253d8bea6852d2960097dc15d8c

PODFILE CHECKSUM: 9b9faa191770e12e396f8f2938ee1e0066728dfc

COCOAPODS: 1.0.1
