// !$*UTF8*$!
{
	archiveVersion = 1;
	classes = {
	};
	objectVersion = 46;
	objects = {

/* Begin PBXBuildFile section */
		D3B4246D9C181465C77C74EC /* Pods_switchMovieGrid.framework in Frameworks */ = {isa = PBXBuildFile; fileRef = 7915B65208C01423533946AA /* Pods_switchMovieGrid.framework */; };
		EA34C43A1DD22DA2000E0ADF /* SwitchMovieDetailsViewController.m in Sources */ = {isa = PBXBuildFile; fileRef = EA34C4381DD22DA2000E0ADF /* SwitchMovieDetailsViewController.m */; };
		EA34C43B1DD22DA2000E0ADF /* SwitchMovieDetailsViewController.xib in Resources */ = {isa = PBXBuildFile; fileRef = EA34C4391DD22DA2000E0ADF /* SwitchMovieDetailsViewController.xib */; };
		EA7068CD1DD1DD4C00067CC7 /* main.m in Sources */ = {isa = PBXBuildFile; fileRef = EA7068CC1DD1DD4C00067CC7 /* main.m */; };
		EA7068D01DD1DD4C00067CC7 /* AppDelegate.m in Sources */ = {isa = PBXBuildFile; fileRef = EA7068CF1DD1DD4C00067CC7 /* AppDelegate.m */; };
		EA7068D81DD1DD4C00067CC7 /* Assets.xcassets in Resources */ = {isa = PBXBuildFile; fileRef = EA7068D71DD1DD4C00067CC7 /* Assets.xcassets */; };
		EA7068DB1DD1DD4C00067CC7 /* LaunchScreen.storyboard in Resources */ = {isa = PBXBuildFile; fileRef = EA7068D91DD1DD4C00067CC7 /* LaunchScreen.storyboard */; };
		EA7068E71DD1E48200067CC7 /* FontAwesome.otf in Resources */ = {isa = PBXBuildFile; fileRef = EA7068E61DD1E48200067CC7 /* FontAwesome.otf */; };
		EA7068EC1DD1E89000067CC7 /* UIImage+FontAwesome.m in Sources */ = {isa = PBXBuildFile; fileRef = EA7068EB1DD1E89000067CC7 /* UIImage+FontAwesome.m */; };
		EA7068F01DD1EA7B00067CC7 /* SwitchMovieCollectionViewController.m in Sources */ = {isa = PBXBuildFile; fileRef = EA7068EF1DD1EA7B00067CC7 /* SwitchMovieCollectionViewController.m */; };
		EA7068F41DD1ED7500067CC7 /* SwitchMovieCollectionViewCell.m in Sources */ = {isa = PBXBuildFile; fileRef = EA7068F31DD1ED7500067CC7 /* SwitchMovieCollectionViewCell.m */; };
		EA7068F81DD209C500067CC7 /* IMDBMovieCatalog.m in Sources */ = {isa = PBXBuildFile; fileRef = EA7068F71DD209C500067CC7 /* IMDBMovieCatalog.m */; };
		EA7068FB1DD20A5C00067CC7 /* IMDBMovie.m in Sources */ = {isa = PBXBuildFile; fileRef = EA7068FA1DD20A5C00067CC7 /* IMDBMovie.m */; };
		EA7069001DD20B6C00067CC7 /* RLMArray+LongestCommonSubsequence.m in Sources */ = {isa = PBXBuildFile; fileRef = EA7068FD1DD20B6C00067CC7 /* RLMArray+LongestCommonSubsequence.m */; };
		EA7069011DD20B6C00067CC7 /* RLMObject+Background.m in Sources */ = {isa = PBXBuildFile; fileRef = EA7068FF1DD20B6C00067CC7 /* RLMObject+Background.m */; };
		EA7069051DD20CC200067CC7 /* IMDBServer.m in Sources */ = {isa = PBXBuildFile; fileRef = EA7069041DD20CC200067CC7 /* IMDBServer.m */; };
		EA7069081DD20F3F00067CC7 /* SwitchUtils.m in Sources */ = {isa = PBXBuildFile; fileRef = EA7069071DD20F3F00067CC7 /* SwitchUtils.m */; };
/* End PBXBuildFile section */

/* Begin PBXFileReference section */
		7915B65208C01423533946AA /* Pods_switchMovieGrid.framework */ = {isa = PBXFileReference; explicitFileType = wrapper.framework; includeInIndex = 0; path = Pods_switchMovieGrid.framework; sourceTree = BUILT_PRODUCTS_DIR; };
		A4BC08F3AAA786E37F9F38A8 /* Pods-switchMovieGrid.debug.xcconfig */ = {isa = PBXFileReference; includeInIndex = 1; lastKnownFileType = text.xcconfig; name = "Pods-switchMovieGrid.debug.xcconfig"; path = "Pods/Target Support Files/Pods-switchMovieGrid/Pods-switchMovieGrid.debug.xcconfig"; sourceTree = "<group>"; };
		E3189E12AE5AB9D8FBF15A75 /* Pods-switchMovieGrid.release.xcconfig */ = {isa = PBXFileReference; includeInIndex = 1; lastKnownFileType = text.xcconfig; name = "Pods-switchMovieGrid.release.xcconfig"; path = "Pods/Target Support Files/Pods-switchMovieGrid/Pods-switchMovieGrid.release.xcconfig"; sourceTree = "<group>"; };
		EA34C4371DD22DA2000E0ADF /* SwitchMovieDetailsViewController.h */ = {isa = PBXFileReference; fileEncoding = 4; lastKnownFileType = sourcecode.c.h; path = SwitchMovieDetailsViewController.h; sourceTree = "<group>"; };
		EA34C4381DD22DA2000E0ADF /* SwitchMovieDetailsViewController.m */ = {isa = PBXFileReference; fileEncoding = 4; lastKnownFileType = sourcecode.c.objc; path = SwitchMovieDetailsViewController.m; sourceTree = "<group>"; };
		EA34C4391DD22DA2000E0ADF /* SwitchMovieDetailsViewController.xib */ = {isa = PBXFileReference; fileEncoding = 4; lastKnownFileType = file.xib; path = SwitchMovieDetailsViewController.xib; sourceTree = "<group>"; };
		EA7068C81DD1DD4C00067CC7 /* Switch Movie.app */ = {isa = PBXFileReference; explicitFileType = wrapper.application; includeInIndex = 0; path = "Switch Movie.app"; sourceTree = BUILT_PRODUCTS_DIR; };
		EA7068CC1DD1DD4C00067CC7 /* main.m */ = {isa = PBXFileReference; lastKnownFileType = sourcecode.c.objc; path = main.m; sourceTree = "<group>"; };
		EA7068CE1DD1DD4C00067CC7 /* AppDelegate.h */ = {isa = PBXFileReference; lastKnownFileType = sourcecode.c.h; path = AppDelegate.h; sourceTree = "<group>"; };
		EA7068CF1DD1DD4C00067CC7 /* AppDelegate.m */ = {isa = PBXFileReference; lastKnownFileType = sourcecode.c.objc; path = AppDelegate.m; sourceTree = "<group>"; };
		EA7068D71DD1DD4C00067CC7 /* Assets.xcassets */ = {isa = PBXFileReference; lastKnownFileType = folder.assetcatalog; path = Assets.xcassets; sourceTree = "<group>"; };
		EA7068DA1DD1DD4C00067CC7 /* Base */ = {isa = PBXFileReference; lastKnownFileType = file.storyboard; name = Base; path = Base.lproj/LaunchScreen.storyboard; sourceTree = "<group>"; };
		EA7068DC1DD1DD4C00067CC7 /* Info.plist */ = {isa = PBXFileReference; lastKnownFileType = text.plist.xml; path = Info.plist; sourceTree = "<group>"; };
		EA7068E51DD1DE2800067CC7 /* Defines.h */ = {isa = PBXFileReference; lastKnownFileType = sourcecode.c.h; path = Defines.h; sourceTree = "<group>"; };
		EA7068E61DD1E48200067CC7 /* FontAwesome.otf */ = {isa = PBXFileReference; lastKnownFileType = file; path = FontAwesome.otf; sourceTree = "<group>"; };
		EA7068E81DD1E59A00067CC7 /* SwitchMovie.pch */ = {isa = PBXFileReference; lastKnownFileType = sourcecode.c.h; name = SwitchMovie.pch; path = ../SwitchMovie.pch; sourceTree = "<group>"; };
		EA7068EA1DD1E89000067CC7 /* UIImage+FontAwesome.h */ = {isa = PBXFileReference; fileEncoding = 4; lastKnownFileType = sourcecode.c.h; path = "UIImage+FontAwesome.h"; sourceTree = "<group>"; };
		EA7068EB1DD1E89000067CC7 /* UIImage+FontAwesome.m */ = {isa = PBXFileReference; fileEncoding = 4; lastKnownFileType = sourcecode.c.objc; path = "UIImage+FontAwesome.m"; sourceTree = "<group>"; };
		EA7068EE1DD1EA7B00067CC7 /* SwitchMovieCollectionViewController.h */ = {isa = PBXFileReference; fileEncoding = 4; lastKnownFileType = sourcecode.c.h; path = SwitchMovieCollectionViewController.h; sourceTree = "<group>"; };
		EA7068EF1DD1EA7B00067CC7 /* SwitchMovieCollectionViewController.m */ = {isa = PBXFileReference; fileEncoding = 4; lastKnownFileType = sourcecode.c.objc; path = SwitchMovieCollectionViewController.m; sourceTree = "<group>"; };
		EA7068F21DD1ED7500067CC7 /* SwitchMovieCollectionViewCell.h */ = {isa = PBXFileReference; fileEncoding = 4; lastKnownFileType = sourcecode.c.h; path = SwitchMovieCollectionViewCell.h; sourceTree = "<group>"; };
		EA7068F31DD1ED7500067CC7 /* SwitchMovieCollectionViewCell.m */ = {isa = PBXFileReference; fileEncoding = 4; lastKnownFileType = sourcecode.c.objc; path = SwitchMovieCollectionViewCell.m; sourceTree = "<group>"; };
		EA7068F61DD209C500067CC7 /* IMDBMovieCatalog.h */ = {isa = PBXFileReference; fileEncoding = 4; lastKnownFileType = sourcecode.c.h; path = IMDBMovieCatalog.h; sourceTree = "<group>"; };
		EA7068F71DD209C500067CC7 /* IMDBMovieCatalog.m */ = {isa = PBXFileReference; fileEncoding = 4; lastKnownFileType = sourcecode.c.objc; path = IMDBMovieCatalog.m; sourceTree = "<group>"; };
		EA7068F91DD20A5C00067CC7 /* IMDBMovie.h */ = {isa = PBXFileReference; fileEncoding = 4; lastKnownFileType = sourcecode.c.h; path = IMDBMovie.h; sourceTree = "<group>"; };
		EA7068FA1DD20A5C00067CC7 /* IMDBMovie.m */ = {isa = PBXFileReference; fileEncoding = 4; lastKnownFileType = sourcecode.c.objc; path = IMDBMovie.m; sourceTree = "<group>"; };
		EA7068FC1DD20B6C00067CC7 /* RLMArray+LongestCommonSubsequence.h */ = {isa = PBXFileReference; fileEncoding = 4; lastKnownFileType = sourcecode.c.h; path = "RLMArray+LongestCommonSubsequence.h"; sourceTree = "<group>"; };
		EA7068FD1DD20B6C00067CC7 /* RLMArray+LongestCommonSubsequence.m */ = {isa = PBXFileReference; fileEncoding = 4; lastKnownFileType = sourcecode.c.objc; path = "RLMArray+LongestCommonSubsequence.m"; sourceTree = "<group>"; };
		EA7068FE1DD20B6C00067CC7 /* RLMObject+Background.h */ = {isa = PBXFileReference; fileEncoding = 4; lastKnownFileType = sourcecode.c.h; path = "RLMObject+Background.h"; sourceTree = "<group>"; };
		EA7068FF1DD20B6C00067CC7 /* RLMObject+Background.m */ = {isa = PBXFileReference; fileEncoding = 4; lastKnownFileType = sourcecode.c.objc; path = "RLMObject+Background.m"; sourceTree = "<group>"; };
		EA7069031DD20CC200067CC7 /* IMDBServer.h */ = {isa = PBXFileReference; fileEncoding = 4; lastKnownFileType = sourcecode.c.h; path = IMDBServer.h; sourceTree = "<group>"; };
		EA7069041DD20CC200067CC7 /* IMDBServer.m */ = {isa = PBXFileReference; fileEncoding = 4; lastKnownFileType = sourcecode.c.objc; path = IMDBServer.m; sourceTree = "<group>"; };
		EA7069061DD20F3F00067CC7 /* SwitchUtils.h */ = {isa = PBXFileReference; fileEncoding = 4; lastKnownFileType = sourcecode.c.h; path = SwitchUtils.h; sourceTree = "<group>"; };
		EA7069071DD20F3F00067CC7 /* SwitchUtils.m */ = {isa = PBXFileReference; fileEncoding = 4; lastKnownFileType = sourcecode.c.objc; path = SwitchUtils.m; sourceTree = "<group>"; };
/* End PBXFileReference section */

/* Begin PBXFrameworksBuildPhase section */
		EA7068C51DD1DD4C00067CC7 /* Frameworks */ = {
			isa = PBXFrameworksBuildPhase;
			buildActionMask = 2147483647;
			files = (
				D3B4246D9C181465C77C74EC /* Pods_switchMovieGrid.framework in Frameworks */,
			);
			runOnlyForDeploymentPostprocessing = 0;
		};
/* End PBXFrameworksBuildPhase section */

/* Begin PBXGroup section */
		22915A280D2C52CC0D88E774 /* Pods */ = {
			isa = PBXGroup;
			children = (
				A4BC08F3AAA786E37F9F38A8 /* Pods-switchMovieGrid.debug.xcconfig */,
				E3189E12AE5AB9D8FBF15A75 /* Pods-switchMovieGrid.release.xcconfig */,
			);
			name = Pods;
			sourceTree = "<group>";
		};
		BFB0159728E038331F769233 /* Frameworks */ = {
			isa = PBXGroup;
			children = (
				7915B65208C01423533946AA /* Pods_switchMovieGrid.framework */,
			);
			name = Frameworks;
			sourceTree = "<group>";
		};
		EA7068BF1DD1DD4C00067CC7 = {
			isa = PBXGroup;
			children = (
				EA7068CA1DD1DD4C00067CC7 /* switchMovieGrid */,
				EA7068C91DD1DD4C00067CC7 /* Products */,
				22915A280D2C52CC0D88E774 /* Pods */,
				BFB0159728E038331F769233 /* Frameworks */,
			);
			sourceTree = "<group>";
		};
		EA7068C91DD1DD4C00067CC7 /* Products */ = {
			isa = PBXGroup;
			children = (
				EA7068C81DD1DD4C00067CC7 /* Switch Movie.app */,
			);
			name = Products;
			sourceTree = "<group>";
		};
		EA7068CA1DD1DD4C00067CC7 /* switchMovieGrid */ = {
			isa = PBXGroup;
			children = (
				EA7069021DD20CA900067CC7 /* Utils */,
				EA7068F51DD2099D00067CC7 /* Model */,
				EA7068F11DD1ED6400067CC7 /* Views */,
				EA7068ED1DD1EA7B00067CC7 /* View Controllers */,
				EA7068E91DD1E89000067CC7 /* Categories */,
				EA7068CE1DD1DD4C00067CC7 /* AppDelegate.h */,
				EA7068CF1DD1DD4C00067CC7 /* AppDelegate.m */,
				EA7068CB1DD1DD4C00067CC7 /* Supporting Files */,
			);
			path = switchMovieGrid;
			sourceTree = "<group>";
		};
		EA7068CB1DD1DD4C00067CC7 /* Supporting Files */ = {
			isa = PBXGroup;
			children = (
				EA7068DC1DD1DD4C00067CC7 /* Info.plist */,
				EA7068D71DD1DD4C00067CC7 /* Assets.xcassets */,
				EA7068D91DD1DD4C00067CC7 /* LaunchScreen.storyboard */,
				EA7068E51DD1DE2800067CC7 /* Defines.h */,
				EA7068E81DD1E59A00067CC7 /* SwitchMovie.pch */,
				EA7068E61DD1E48200067CC7 /* FontAwesome.otf */,
				EA7068CC1DD1DD4C00067CC7 /* main.m */,
			);
			name = "Supporting Files";
			sourceTree = "<group>";
		};
		EA7068E91DD1E89000067CC7 /* Categories */ = {
			isa = PBXGroup;
			children = (
				EA7068FC1DD20B6C00067CC7 /* RLMArray+LongestCommonSubsequence.h */,
				EA7068FD1DD20B6C00067CC7 /* RLMArray+LongestCommonSubsequence.m */,
				EA7068FE1DD20B6C00067CC7 /* RLMObject+Background.h */,
				EA7068FF1DD20B6C00067CC7 /* RLMObject+Background.m */,
				EA7068EA1DD1E89000067CC7 /* UIImage+FontAwesome.h */,
				EA7068EB1DD1E89000067CC7 /* UIImage+FontAwesome.m */,
			);
			path = Categories;
			sourceTree = "<group>";
		};
		EA7068ED1DD1EA7B00067CC7 /* View Controllers */ = {
			isa = PBXGroup;
			children = (
				EA7068EE1DD1EA7B00067CC7 /* SwitchMovieCollectionViewController.h */,
				EA7068EF1DD1EA7B00067CC7 /* SwitchMovieCollectionViewController.m */,
				EA34C4371DD22DA2000E0ADF /* SwitchMovieDetailsViewController.h */,
				EA34C4381DD22DA2000E0ADF /* SwitchMovieDetailsViewController.m */,
				EA34C4391DD22DA2000E0ADF /* SwitchMovieDetailsViewController.xib */,
			);
			path = "View Controllers";
			sourceTree = "<group>";
		};
		EA7068F11DD1ED6400067CC7 /* Views */ = {
			isa = PBXGroup;
			children = (
				EA7068F21DD1ED7500067CC7 /* SwitchMovieCollectionViewCell.h */,
				EA7068F31DD1ED7500067CC7 /* SwitchMovieCollectionViewCell.m */,
			);
			path = Views;
			sourceTree = "<group>";
		};
		EA7068F51DD2099D00067CC7 /* Model */ = {
			isa = PBXGroup;
			children = (
				EA7068F61DD209C500067CC7 /* IMDBMovieCatalog.h */,
				EA7068F71DD209C500067CC7 /* IMDBMovieCatalog.m */,
				EA7068F91DD20A5C00067CC7 /* IMDBMovie.h */,
				EA7068FA1DD20A5C00067CC7 /* IMDBMovie.m */,
			);
			path = Model;
			sourceTree = "<group>";
		};
		EA7069021DD20CA900067CC7 /* Utils */ = {
			isa = PBXGroup;
			children = (
				EA7069031DD20CC200067CC7 /* IMDBServer.h */,
				EA7069041DD20CC200067CC7 /* IMDBServer.m */,
				EA7069061DD20F3F00067CC7 /* SwitchUtils.h */,
				EA7069071DD20F3F00067CC7 /* SwitchUtils.m */,
			);
			path = Utils;
			sourceTree = "<group>";
		};
/* End PBXGroup section */

/* Begin PBXNativeTarget section */
		EA7068C71DD1DD4C00067CC7 /* switchMovieGrid */ = {
			isa = PBXNativeTarget;
			buildConfigurationList = EA7068DF1DD1DD4C00067CC7 /* Build configuration list for PBXNativeTarget "switchMovieGrid" */;
			buildPhases = (
				E50C7D489F721C7CDFDA8A19 /* [CP] Check Pods Manifest.lock */,
				EA7068C41DD1DD4C00067CC7 /* Sources */,
				EA7068C51DD1DD4C00067CC7 /* Frameworks */,
				EA7068C61DD1DD4C00067CC7 /* Resources */,
				F8093FB588AC8E7A7B8681B8 /* [CP] Embed Pods Frameworks */,
				A9D38B4419B4253293A4EBC0 /* [CP] Copy Pods Resources */,
			);
			buildRules = (
			);
			dependencies = (
			);
			name = switchMovieGrid;
			productName = switchMovieGrid;
			productReference = EA7068C81DD1DD4C00067CC7 /* Switch Movie.app */;
			productType = "com.apple.product-type.application";
		};
/* End PBXNativeTarget section */

/* Begin PBXProject section */
		EA7068C01DD1DD4C00067CC7 /* Project object */ = {
			isa = PBXProject;
			attributes = {
				LastUpgradeCheck = 0800;
				ORGANIZATIONNAME = "Valentyn Kovalsky";
				TargetAttributes = {
					EA7068C71DD1DD4C00067CC7 = {
						CreatedOnToolsVersion = 8.0;
						DevelopmentTeam = JE26HLJZLX;
						ProvisioningStyle = Automatic;
					};
				};
			};
			buildConfigurationList = EA7068C31DD1DD4C00067CC7 /* Build configuration list for PBXProject "switchMovieGrid" */;
			compatibilityVersion = "Xcode 3.2";
			developmentRegion = English;
			hasScannedForEncodings = 0;
			knownRegions = (
				en,
				Base,
			);
			mainGroup = EA7068BF1DD1DD4C00067CC7;
			productRefGroup = EA7068C91DD1DD4C00067CC7 /* Products */;
			projectDirPath = "";
			projectRoot = "";
			targets = (
				EA7068C71DD1DD4C00067CC7 /* switchMovieGrid */,
			);
		};
/* End PBXProject section */

/* Begin PBXResourcesBuildPhase section */
		EA7068C61DD1DD4C00067CC7 /* Resources */ = {
			isa = PBXResourcesBuildPhase;
			buildActionMask = 2147483647;
			files = (
				EA34C43B1DD22DA2000E0ADF /* SwitchMovieDetailsViewController.xib in Resources */,
				EA7068DB1DD1DD4C00067CC7 /* LaunchScreen.storyboard in Resources */,
				EA7068D81DD1DD4C00067CC7 /* Assets.xcassets in Resources */,
				EA7068E71DD1E48200067CC7 /* FontAwesome.otf in Resources */,
			);
			runOnlyForDeploymentPostprocessing = 0;
		};
/* End PBXResourcesBuildPhase section */

/* Begin PBXShellScriptBuildPhase section */
		A9D38B4419B4253293A4EBC0 /* [CP] Copy Pods Resources */ = {
			isa = PBXShellScriptBuildPhase;
			buildActionMask = 2147483647;
			files = (
			);
			inputPaths = (
			);
			name = "[CP] Copy Pods Resources";
			outputPaths = (
			);
			runOnlyForDeploymentPostprocessing = 0;
			shellPath = /bin/sh;
			shellScript = "\"${SRCROOT}/Pods/Target Support Files/Pods-switchMovieGrid/Pods-switchMovieGrid-resources.sh\"\n";
			showEnvVarsInLog = 0;
		};
		E50C7D489F721C7CDFDA8A19 /* [CP] Check Pods Manifest.lock */ = {
			isa = PBXShellScriptBuildPhase;
			buildActionMask = 2147483647;
			files = (
			);
			inputPaths = (
			);
			name = "[CP] Check Pods Manifest.lock";
			outputPaths = (
			);
			runOnlyForDeploymentPostprocessing = 0;
			shellPath = /bin/sh;
			shellScript = "diff \"${PODS_ROOT}/../Podfile.lock\" \"${PODS_ROOT}/Manifest.lock\" > /dev/null\nif [[ $? != 0 ]] ; then\n    cat << EOM\nerror: The sandbox is not in sync with the Podfile.lock. Run 'pod install' or update your CocoaPods installation.\nEOM\n    exit 1\nfi\n";
			showEnvVarsInLog = 0;
		};
		F8093FB588AC8E7A7B8681B8 /* [CP] Embed Pods Frameworks */ = {
			isa = PBXShellScriptBuildPhase;
			buildActionMask = 2147483647;
			files = (
			);
			inputPaths = (
			);
			name = "[CP] Embed Pods Frameworks";
			outputPaths = (
			);
			runOnlyForDeploymentPostprocessing = 0;
			shellPath = /bin/sh;
			shellScript = "\"${SRCROOT}/Pods/Target Support Files/Pods-switchMovieGrid/Pods-switchMovieGrid-frameworks.sh\"\n";
			showEnvVarsInLog = 0;
		};
/* End PBXShellScriptBuildPhase section */

/* Begin PBXSourcesBuildPhase section */
		EA7068C41DD1DD4C00067CC7 /* Sources */ = {
			isa = PBXSourcesBuildPhase;
			buildActionMask = 2147483647;
			files = (
				EA34C43A1DD22DA2000E0ADF /* SwitchMovieDetailsViewController.m in Sources */,
				EA7068FB1DD20A5C00067CC7 /* IMDBMovie.m in Sources */,
				EA7068F41DD1ED7500067CC7 /* SwitchMovieCollectionViewCell.m in Sources */,
				EA7068EC1DD1E89000067CC7 /* UIImage+FontAwesome.m in Sources */,
				EA7069001DD20B6C00067CC7 /* RLMArray+LongestCommonSubsequence.m in Sources */,
				EA7069051DD20CC200067CC7 /* IMDBServer.m in Sources */,
				EA7068D01DD1DD4C00067CC7 /* AppDelegate.m in Sources */,
				EA7068CD1DD1DD4C00067CC7 /* main.m in Sources */,
				EA7068F01DD1EA7B00067CC7 /* SwitchMovieCollectionViewController.m in Sources */,
				EA7069081DD20F3F00067CC7 /* SwitchUtils.m in Sources */,
				EA7068F81DD209C500067CC7 /* IMDBMovieCatalog.m in Sources */,
				EA7069011DD20B6C00067CC7 /* RLMObject+Background.m in Sources */,
			);
			runOnlyForDeploymentPostprocessing = 0;
		};
/* End PBXSourcesBuildPhase section */

/* Begin PBXVariantGroup section */
		EA7068D91DD1DD4C00067CC7 /* LaunchScreen.storyboard */ = {
			isa = PBXVariantGroup;
			children = (
				EA7068DA1DD1DD4C00067CC7 /* Base */,
			);
			name = LaunchScreen.storyboard;
			sourceTree = "<group>";
		};
/* End PBXVariantGroup section */

/* Begin XCBuildConfiguration section */
		EA7068DD1DD1DD4C00067CC7 /* Debug */ = {
			isa = XCBuildConfiguration;
			buildSettings = {
				ALWAYS_SEARCH_USER_PATHS = NO;
				CLANG_ANALYZER_NONNULL = YES;
				CLANG_CXX_LANGUAGE_STANDARD = "gnu++0x";
				CLANG_CXX_LIBRARY = "libc++";
				CLANG_ENABLE_MODULES = YES;
				CLANG_ENABLE_OBJC_ARC = YES;
				CLANG_WARN_BOOL_CONVERSION = YES;
				CLANG_WARN_CONSTANT_CONVERSION = YES;
				CLANG_WARN_DIRECT_OBJC_ISA_USAGE = YES_ERROR;
				CLANG_WARN_DOCUMENTATION_COMMENTS = YES;
				CLANG_WARN_EMPTY_BODY = YES;
				CLANG_WARN_ENUM_CONVERSION = YES;
				CLANG_WARN_INFINITE_RECURSION = YES;
				CLANG_WARN_INT_CONVERSION = YES;
				CLANG_WARN_OBJC_ROOT_CLASS = YES_ERROR;
				CLANG_WARN_SUSPICIOUS_MOVE = YES;
				CLANG_WARN_SUSPICIOUS_MOVES = YES;
				CLANG_WARN_UNREACHABLE_CODE = YES;
				CLANG_WARN__DUPLICATE_METHOD_MATCH = YES;
				"CODE_SIGN_IDENTITY[sdk=iphoneos*]" = "iPhone Developer";
				COPY_PHASE_STRIP = NO;
				DEBUG_INFORMATION_FORMAT = dwarf;
				ENABLE_STRICT_OBJC_MSGSEND = YES;
				ENABLE_TESTABILITY = YES;
				GCC_C_LANGUAGE_STANDARD = gnu99;
				GCC_DYNAMIC_NO_PIC = NO;
				GCC_NO_COMMON_BLOCKS = YES;
				GCC_OPTIMIZATION_LEVEL = 0;
				GCC_PREPROCESSOR_DEFINITIONS = (
					"DEBUG=1",
					"$(inherited)",
				);
				GCC_WARN_64_TO_32_BIT_CONVERSION = YES;
				GCC_WARN_ABOUT_RETURN_TYPE = YES_ERROR;
				GCC_WARN_UNDECLARED_SELECTOR = YES;
				GCC_WARN_UNINITIALIZED_AUTOS = YES_AGGRESSIVE;
				GCC_WARN_UNUSED_FUNCTION = YES;
				GCC_WARN_UNUSED_VARIABLE = YES;
				IPHONEOS_DEPLOYMENT_TARGET = 9.0;
				MTL_ENABLE_DEBUG_INFO = YES;
				ONLY_ACTIVE_ARCH = YES;
				SDKROOT = iphoneos;
				TARGETED_DEVICE_FAMILY = "1,2";
			};
			name = Debug;
		};
		EA7068DE1DD1DD4C00067CC7 /* Release */ = {
			isa = XCBuildConfiguration;
			buildSettings = {
				ALWAYS_SEARCH_USER_PATHS = NO;
				CLANG_ANALYZER_NONNULL = YES;
				CLANG_CXX_LANGUAGE_STANDARD = "gnu++0x";
				CLANG_CXX_LIBRARY = "libc++";
				CLANG_ENABLE_MODULES = YES;
				CLANG_ENABLE_OBJC_ARC = YES;
				CLANG_WARN_BOOL_CONVERSION = YES;
				CLANG_WARN_CONSTANT_CONVERSION = YES;
				CLANG_WARN_DIRECT_OBJC_ISA_USAGE = YES_ERROR;
				CLANG_WARN_DOCUMENTATION_COMMENTS = YES;
				CLANG_WARN_EMPTY_BODY = YES;
				CLANG_WARN_ENUM_CONVERSION = YES;
				CLANG_WARN_INFINITE_RECURSION = YES;
				CLANG_WARN_INT_CONVERSION = YES;
				CLANG_WARN_OBJC_ROOT_CLASS = YES_ERROR;
				CLANG_WARN_SUSPICIOUS_MOVE = YES;
				CLANG_WARN_SUSPICIOUS_MOVES = YES;
				CLANG_WARN_UNREACHABLE_CODE = YES;
				CLANG_WARN__DUPLICATE_METHOD_MATCH = YES;
				"CODE_SIGN_IDENTITY[sdk=iphoneos*]" = "iPhone Developer";
				COPY_PHASE_STRIP = NO;
				DEBUG_INFORMATION_FORMAT = "dwarf-with-dsym";
				ENABLE_NS_ASSERTIONS = NO;
				ENABLE_STRICT_OBJC_MSGSEND = YES;
				GCC_C_LANGUAGE_STANDARD = gnu99;
				GCC_NO_COMMON_BLOCKS = YES;
				GCC_WARN_64_TO_32_BIT_CONVERSION = YES;
				GCC_WARN_ABOUT_RETURN_TYPE = YES_ERROR;
				GCC_WARN_UNDECLARED_SELECTOR = YES;
				GCC_WARN_UNINITIALIZED_AUTOS = YES_AGGRESSIVE;
				GCC_WARN_UNUSED_FUNCTION = YES;
				GCC_WARN_UNUSED_VARIABLE = YES;
				IPHONEOS_DEPLOYMENT_TARGET = 9.0;
				MTL_ENABLE_DEBUG_INFO = NO;
				SDKROOT = iphoneos;
				TARGETED_DEVICE_FAMILY = "1,2";
				VALIDATE_PRODUCT = YES;
			};
			name = Release;
		};
		EA7068E01DD1DD4C00067CC7 /* Debug */ = {
			isa = XCBuildConfiguration;
			baseConfigurationReference = A4BC08F3AAA786E37F9F38A8 /* Pods-switchMovieGrid.debug.xcconfig */;
			buildSettings = {
				ASSETCATALOG_COMPILER_APPICON_NAME = AppIcon;
				DEVELOPMENT_TEAM = JE26HLJZLX;
				GCC_PREFIX_HEADER = SwitchMovie.pch;
				INFOPLIST_FILE = switchMovieGrid/Info.plist;
				IPHONEOS_DEPLOYMENT_TARGET = 9.0;
				LD_RUNPATH_SEARCH_PATHS = "$(inherited) @executable_path/Frameworks";
				PRODUCT_BUNDLE_IDENTIFIER = vk.switchMovieGrid;
				PRODUCT_NAME = "Switch Movie";
			};
			name = Debug;
		};
		EA7068E11DD1DD4C00067CC7 /* Release */ = {
			isa = XCBuildConfiguration;
			baseConfigurationReference = E3189E12AE5AB9D8FBF15A75 /* Pods-switchMovieGrid.release.xcconfig */;
			buildSettings = {
				ASSETCATALOG_COMPILER_APPICON_NAME = AppIcon;
				DEVELOPMENT_TEAM = JE26HLJZLX;
				GCC_PREFIX_HEADER = SwitchMovie.pch;
				INFOPLIST_FILE = switchMovieGrid/Info.plist;
				IPHONEOS_DEPLOYMENT_TARGET = 9.0;
				LD_RUNPATH_SEARCH_PATHS = "$(inherited) @executable_path/Frameworks";
				PRODUCT_BUNDLE_IDENTIFIER = vk.switchMovieGrid;
				PRODUCT_NAME = "Switch Movie";
			};
			name = Release;
		};
/* End XCBuildConfiguration section */

/* Begin XCConfigurationList section */
		EA7068C31DD1DD4C00067CC7 /* Build configuration list for PBXProject "switchMovieGrid" */ = {
			isa = XCConfigurationList;
			buildConfigurations = (
				EA7068DD1DD1DD4C00067CC7 /* Debug */,
				EA7068DE1DD1DD4C00067CC7 /* Release */,
			);
			defaultConfigurationIsVisible = 0;
			defaultConfigurationName = Release;
		};
		EA7068DF1DD1DD4C00067CC7 /* Build configuration list for PBXNativeTarget "switchMovieGrid" */ = {
			isa = XCConfigurationList;
			buildConfigurations = (
				EA7068E01DD1DD4C00067CC7 /* Debug */,
				EA7068E11DD1DD4C00067CC7 /* Release */,
			);
			defaultConfigurationIsVisible = 0;
			defaultConfigurationName = Release;
		};
/* End XCConfigurationList section */
	};
	rootObject = EA7068C01DD1DD4C00067CC7 /* Project object */;
}
